<?xml version="1.0" encoding="utf-8"?>
<Project ToolsVersion="4.0" xmlns="http://schemas.microsoft.com/developer/msbuild/2003">
  <ItemGroup>
    <Filter Include="include">
      <UniqueIdentifier>{e7ce72c2-8a6b-4689-ab14-ea988cff79ce}</UniqueIdentifier>
    </Filter>
    <Filter Include="include\tc">
      <UniqueIdentifier>{6abfbd95-ebbe-4bc8-a1e1-e8d1a2c26018}</UniqueIdentifier>
    </Filter>
    <Filter Include="include\tc\modes">
      <UniqueIdentifier>{4729865a-3bb3-4f76-9c6a-7e3215e2b29b}</UniqueIdentifier>
    </Filter>
    <Filter Include="include\tc\details">
      <UniqueIdentifier>{57485358-a51a-4a6b-ac69-bdc345d0b30d}</UniqueIdentifier>
    </Filter>
    <Filter Include="include\tc\modes\Standard">
      <UniqueIdentifier>{037a13e8-0894-4cfe-87be-b7f14a4dc906}</UniqueIdentifier>
    </Filter>
  </ItemGroup>
  <ItemGroup>
    <ClInclude Include="..\..\include\tc\modes\Standard\WaitStateNode.h">
      <Filter>include\tc\modes\Standard</Filter>
    </ClInclude>
    <ClInclude Include="..\..\include\tc\modes\Standard\PlayStateNode.h">
      <Filter>include\tc\modes\Standard</Filter>
    </ClInclude>
    <ClInclude Include="..\..\include\tc\modes\Standard\PauseStateNode.h">
      <Filter>include\tc\modes\Standard</Filter>
    </ClInclude>
    <ClInclude Include="..\..\include\tc\modes\NodeIds.h">
      <Filter>include\tc\modes</Filter>
    </ClInclude>
    <ClInclude Include="..\..\include\tc\modes\GameModeStandard.h">
      <Filter>include\tc\modes</Filter>
    </ClInclude>
    <ClInclude Include="..\..\include\tc\modes\GameMode.h">
      <Filter>include\tc\modes</Filter>
    </ClInclude>
    <ClInclude Include="..\..\include\tc\details\types.h">
      <Filter>include\tc\details</Filter>
    </ClInclude>
    <ClInclude Include="..\..\include\tc\details\StateTracker.h">
      <Filter>include\tc\details</Filter>
    </ClInclude>
    <ClInclude Include="..\..\include\tc\details\SRS.h">
      <Filter>include\tc\details</Filter>
    </ClInclude>
    <ClInclude Include="..\..\include\tc\details\pieces.h">
      <Filter>include\tc\details</Filter>
    </ClInclude>
    <ClInclude Include="..\..\include\tc\details\PieceGenerator.h">
      <Filter>include\tc\details</Filter>
    </ClInclude>
    <ClInclude Include="..\..\include\tc\details\LogicTickConverter.h">
      <Filter>include\tc\details</Filter>
    </ClInclude>
    <ClInclude Include="..\..\include\tc\details\LevelManager.h">
      <Filter>include\tc\details</Filter>
    </ClInclude>
    <ClInclude Include="..\..\include\tc\details\InputTracker.h">
      <Filter>include\tc\details</Filter>
    </ClInclude>
    <ClInclude Include="..\..\include\tc\details\GameplayInput.h">
      <Filter>include\tc\details</Filter>
    </ClInclude>
    <ClInclude Include="..\..\include\tc\details\Board.h">
      <Filter>include\tc\details</Filter>
    </ClInclude>
    <ClInclude Include="..\..\include\tc\TetrisHost.h">
      <Filter>include\tc</Filter>
    </ClInclude>
  </ItemGroup>
  <ItemGroup>
    <ClCompile Include="..\..\tests\test-pieces.cpp" />
    <ClCompile Include="..\..\sources\tc.cpp" />
  </ItemGroup>
</Project>